// !$*UTF8*$!
{
	archiveVersion = 1;
	classes = {
	};
	objectVersion = 50;
	objects = {

/* Begin PBXBuildFile section */
		5EA68CEA2BA08E70DE704F4C /* Pods_Todoey.framework in Frameworks */ = {isa = PBXBuildFile; fileRef = 7E84473B66244506204558EF /* Pods_Todoey.framework */; };
		932B315D228C68E600A0B0E8 /* AppDelegate.swift in Sources */ = {isa = PBXBuildFile; fileRef = 932B315C228C68E600A0B0E8 /* AppDelegate.swift */; };
		932B315F228C68E600A0B0E8 /* TodoListViewController.swift in Sources */ = {isa = PBXBuildFile; fileRef = 932B315E228C68E600A0B0E8 /* TodoListViewController.swift */; };
		932B3162228C68E600A0B0E8 /* Main.storyboard in Resources */ = {isa = PBXBuildFile; fileRef = 932B3160228C68E600A0B0E8 /* Main.storyboard */; };
		932B3164228C68E900A0B0E8 /* Assets.xcassets in Resources */ = {isa = PBXBuildFile; fileRef = 932B3163228C68E900A0B0E8 /* Assets.xcassets */; };
		932B3167228C68E900A0B0E8 /* LaunchScreen.storyboard in Resources */ = {isa = PBXBuildFile; fileRef = 932B3165228C68E900A0B0E8 /* LaunchScreen.storyboard */; };
		93917D38228F088900CCFD46 /* CategoryViewController.swift in Sources */ = {isa = PBXBuildFile; fileRef = 93917D37228F088900CCFD46 /* CategoryViewController.swift */; };
		93B44B6822958DB900C28F38 /* SwipeTableViewController.swift in Sources */ = {isa = PBXBuildFile; fileRef = 93B44B6722958DB900C28F38 /* SwipeTableViewController.swift */; };
		93C2EC4822936DF800EA6971 /* Item.swift in Sources */ = {isa = PBXBuildFile; fileRef = 93C2EC4722936DF800EA6971 /* Item.swift */; };
		93C2EC4A22936E0A00EA6971 /* Category.swift in Sources */ = {isa = PBXBuildFile; fileRef = 93C2EC4922936E0A00EA6971 /* Category.swift */; };
/* End PBXBuildFile section */

/* Begin PBXFileReference section */
		202627F6157752B997426A80 /* Pods-Todoey.debug.xcconfig */ = {isa = PBXFileReference; includeInIndex = 1; lastKnownFileType = text.xcconfig; name = "Pods-Todoey.debug.xcconfig"; path = "Target Support Files/Pods-Todoey/Pods-Todoey.debug.xcconfig"; sourceTree = "<group>"; };
		58F1427884B67FE360392DE5 /* Pods-Todoey.release.xcconfig */ = {isa = PBXFileReference; includeInIndex = 1; lastKnownFileType = text.xcconfig; name = "Pods-Todoey.release.xcconfig"; path = "Target Support Files/Pods-Todoey/Pods-Todoey.release.xcconfig"; sourceTree = "<group>"; };
		7E84473B66244506204558EF /* Pods_Todoey.framework */ = {isa = PBXFileReference; explicitFileType = wrapper.framework; includeInIndex = 0; path = Pods_Todoey.framework; sourceTree = BUILT_PRODUCTS_DIR; };
		932B3159228C68E600A0B0E8 /* Todoey.app */ = {isa = PBXFileReference; explicitFileType = wrapper.application; includeInIndex = 0; path = Todoey.app; sourceTree = BUILT_PRODUCTS_DIR; };
		932B315C228C68E600A0B0E8 /* AppDelegate.swift */ = {isa = PBXFileReference; lastKnownFileType = sourcecode.swift; path = AppDelegate.swift; sourceTree = "<group>"; };
		932B315E228C68E600A0B0E8 /* TodoListViewController.swift */ = {isa = PBXFileReference; lastKnownFileType = sourcecode.swift; path = TodoListViewController.swift; sourceTree = "<group>"; };
		932B3161228C68E600A0B0E8 /* Base */ = {isa = PBXFileReference; lastKnownFileType = file.storyboard; name = Base; path = Base.lproj/Main.storyboard; sourceTree = "<group>"; };
		932B3163228C68E900A0B0E8 /* Assets.xcassets */ = {isa = PBXFileReference; lastKnownFileType = folder.assetcatalog; path = Assets.xcassets; sourceTree = "<group>"; };
		932B3166228C68E900A0B0E8 /* Base */ = {isa = PBXFileReference; lastKnownFileType = file.storyboard; name = Base; path = Base.lproj/LaunchScreen.storyboard; sourceTree = "<group>"; };
		932B3168228C68E900A0B0E8 /* Info.plist */ = {isa = PBXFileReference; lastKnownFileType = text.plist.xml; path = Info.plist; sourceTree = "<group>"; };
		93917D37228F088900CCFD46 /* CategoryViewController.swift */ = {isa = PBXFileReference; lastKnownFileType = sourcecode.swift; path = CategoryViewController.swift; sourceTree = "<group>"; };
		93B44B6722958DB900C28F38 /* SwipeTableViewController.swift */ = {isa = PBXFileReference; lastKnownFileType = sourcecode.swift; path = SwipeTableViewController.swift; sourceTree = "<group>"; };
		93C2EC4722936DF800EA6971 /* Item.swift */ = {isa = PBXFileReference; lastKnownFileType = sourcecode.swift; path = Item.swift; sourceTree = "<group>"; };
		93C2EC4922936E0A00EA6971 /* Category.swift */ = {isa = PBXFileReference; lastKnownFileType = sourcecode.swift; path = Category.swift; sourceTree = "<group>"; };
/* End PBXFileReference section */

/* Begin PBXFrameworksBuildPhase section */
		932B3156228C68E500A0B0E8 /* Frameworks */ = {
			isa = PBXFrameworksBuildPhase;
			buildActionMask = 2147483647;
			files = (
				5EA68CEA2BA08E70DE704F4C /* Pods_Todoey.framework in Frameworks */,
			);
			runOnlyForDeploymentPostprocessing = 0;
		};
/* End PBXFrameworksBuildPhase section */

/* Begin PBXGroup section */
		2667AA3F252B9FE16C2E90F6 /* Pods */ = {
			isa = PBXGroup;
			children = (
				202627F6157752B997426A80 /* Pods-Todoey.debug.xcconfig */,
				58F1427884B67FE360392DE5 /* Pods-Todoey.release.xcconfig */,
			);
			path = Pods;
			sourceTree = "<group>";
		};
		772D9A7E8B916196BE8204BD /* Frameworks */ = {
			isa = PBXGroup;
			children = (
				7E84473B66244506204558EF /* Pods_Todoey.framework */,
			);
			name = Frameworks;
			sourceTree = "<group>";
		};
		932B3150228C68E500A0B0E8 = {
			isa = PBXGroup;
			children = (
				932B315B228C68E600A0B0E8 /* Todoey */,
				932B315A228C68E600A0B0E8 /* Products */,
				2667AA3F252B9FE16C2E90F6 /* Pods */,
				772D9A7E8B916196BE8204BD /* Frameworks */,
			);
			sourceTree = "<group>";
		};
		932B315A228C68E600A0B0E8 /* Products */ = {
			isa = PBXGroup;
			children = (
				932B3159228C68E600A0B0E8 /* Todoey.app */,
			);
			name = Products;
			sourceTree = "<group>";
		};
		932B315B228C68E600A0B0E8 /* Todoey */ = {
			isa = PBXGroup;
			children = (
				932B315C228C68E600A0B0E8 /* AppDelegate.swift */,
				9361017C228CA7EB001AA831 /* Controllers */,
				93610171228CA6E3001AA831 /* Data Model */,
				9361017D228CA818001AA831 /* View */,
				9361017B228CA7D4001AA831 /* Supporting Files */,
				932B3168228C68E900A0B0E8 /* Info.plist */,
			);
			path = Todoey;
			sourceTree = "<group>";
		};
		93610171228CA6E3001AA831 /* Data Model */ = {
			isa = PBXGroup;
			children = (
				93C2EC4722936DF800EA6971 /* Item.swift */,
				93C2EC4922936E0A00EA6971 /* Category.swift */,
			);
			name = "Data Model";
			sourceTree = "<group>";
		};
		9361017B228CA7D4001AA831 /* Supporting Files */ = {
			isa = PBXGroup;
			children = (
				932B3163228C68E900A0B0E8 /* Assets.xcassets */,
				932B3165228C68E900A0B0E8 /* LaunchScreen.storyboard */,
			);
			name = "Supporting Files";
			sourceTree = "<group>";
		};
		9361017C228CA7EB001AA831 /* Controllers */ = {
			isa = PBXGroup;
			children = (
				93917D37228F088900CCFD46 /* CategoryViewController.swift */,
				932B315E228C68E600A0B0E8 /* TodoListViewController.swift */,
				93B44B6722958DB900C28F38 /* SwipeTableViewController.swift */,
			);
			name = Controllers;
			sourceTree = "<group>";
		};
		9361017D228CA818001AA831 /* View */ = {
			isa = PBXGroup;
			children = (
				932B3160228C68E600A0B0E8 /* Main.storyboard */,
			);
			name = View;
			sourceTree = "<group>";
		};
/* End PBXGroup section */

/* Begin PBXNativeTarget section */
		932B3158228C68E500A0B0E8 /* Todoey */ = {
			isa = PBXNativeTarget;
			buildConfigurationList = 932B316B228C68E900A0B0E8 /* Build configuration list for PBXNativeTarget "Todoey" */;
			buildPhases = (
				48B4DD53139B3307FF521D32 /* [CP] Check Pods Manifest.lock */,
				932B3155228C68E500A0B0E8 /* Sources */,
				932B3156228C68E500A0B0E8 /* Frameworks */,
				932B3157228C68E500A0B0E8 /* Resources */,
				16CCCC5FD0FF0665F39E14C8 /* [CP] Embed Pods Frameworks */,
			);
			buildRules = (
			);
			dependencies = (
			);
			name = Todoey;
			productName = Todoey;
			productReference = 932B3159228C68E600A0B0E8 /* Todoey.app */;
			productType = "com.apple.product-type.application";
		};
/* End PBXNativeTarget section */

/* Begin PBXProject section */
		932B3151228C68E500A0B0E8 /* Project object */ = {
			isa = PBXProject;
			attributes = {
				LastSwiftUpdateCheck = 1020;
				LastUpgradeCheck = 1020;
				ORGANIZATIONNAME = "Mozart Falcão";
				TargetAttributes = {
					932B3158228C68E500A0B0E8 = {
						CreatedOnToolsVersion = 10.2;
					};
				};
			};
			buildConfigurationList = 932B3154228C68E500A0B0E8 /* Build configuration list for PBXProject "Todoey" */;
			compatibilityVersion = "Xcode 9.3";
			developmentRegion = en;
			hasScannedForEncodings = 0;
			knownRegions = (
				en,
				Base,
			);
			mainGroup = 932B3150228C68E500A0B0E8;
			productRefGroup = 932B315A228C68E600A0B0E8 /* Products */;
			projectDirPath = "";
			projectRoot = "";
			targets = (
				932B3158228C68E500A0B0E8 /* Todoey */,
			);
		};
/* End PBXProject section */

/* Begin PBXResourcesBuildPhase section */
		932B3157228C68E500A0B0E8 /* Resources */ = {
			isa = PBXResourcesBuildPhase;
			buildActionMask = 2147483647;
			files = (
				932B3167228C68E900A0B0E8 /* LaunchScreen.storyboard in Resources */,
				932B3164228C68E900A0B0E8 /* Assets.xcassets in Resources */,
				932B3162228C68E600A0B0E8 /* Main.storyboard in Resources */,
			);
			runOnlyForDeploymentPostprocessing = 0;
		};
/* End PBXResourcesBuildPhase section */

/* Begin PBXShellScriptBuildPhase section */
		16CCCC5FD0FF0665F39E14C8 /* [CP] Embed Pods Frameworks */ = {
			isa = PBXShellScriptBuildPhase;
			buildActionMask = 2147483647;
			files = (
			);
			inputFileListPaths = (
			);
			inputPaths = (
				"${PODS_ROOT}/Target Support Files/Pods-Todoey/Pods-Todoey-frameworks.sh",
				"${BUILT_PRODUCTS_DIR}/ChameleonFramework/ChameleonFramework.framework",
				"${BUILT_PRODUCTS_DIR}/Realm/Realm.framework",
				"${BUILT_PRODUCTS_DIR}/RealmSwift/RealmSwift.framework",
				"${BUILT_PRODUCTS_DIR}/SwipeCellKit/SwipeCellKit.framework",
			);
			name = "[CP] Embed Pods Frameworks";
			outputFileListPaths = (
			);
			outputPaths = (
				"${TARGET_BUILD_DIR}/${FRAMEWORKS_FOLDER_PATH}/ChameleonFramework.framework",
				"${TARGET_BUILD_DIR}/${FRAMEWORKS_FOLDER_PATH}/Realm.framework",
				"${TARGET_BUILD_DIR}/${FRAMEWORKS_FOLDER_PATH}/RealmSwift.framework",
				"${TARGET_BUILD_DIR}/${FRAMEWORKS_FOLDER_PATH}/SwipeCellKit.framework",
			);
			runOnlyForDeploymentPostprocessing = 0;
			shellPath = /bin/sh;
			shellScript = "\"${PODS_ROOT}/Target Support Files/Pods-Todoey/Pods-Todoey-frameworks.sh\"\n";
			showEnvVarsInLog = 0;
		};
		48B4DD53139B3307FF521D32 /* [CP] Check Pods Manifest.lock */ = {
			isa = PBXShellScriptBuildPhase;
			buildActionMask = 2147483647;
			files = (
			);
			inputFileListPaths = (
			);
			inputPaths = (
				"${PODS_PODFILE_DIR_PATH}/Podfile.lock",
				"${PODS_ROOT}/Manifest.lock",
			);
			name = "[CP] Check Pods Manifest.lock";
			outputFileListPaths = (
			);
			outputPaths = (
				"$(DERIVED_FILE_DIR)/Pods-Todoey-checkManifestLockResult.txt",
			);
			runOnlyForDeploymentPostprocessing = 0;
			shellPath = /bin/sh;
			shellScript = "diff \"${PODS_PODFILE_DIR_PATH}/Podfile.lock\" \"${PODS_ROOT}/Manifest.lock\" > /dev/null\nif [ $? != 0 ] ; then\n    # print error to STDERR\n    echo \"error: The sandbox is not in sync with the Podfile.lock. Run 'pod install' or update your CocoaPods installation.\" >&2\n    exit 1\nfi\n# This output is used by Xcode 'outputs' to avoid re-running this script phase.\necho \"SUCCESS\" > \"${SCRIPT_OUTPUT_FILE_0}\"\n";
			showEnvVarsInLog = 0;
		};
/* End PBXShellScriptBuildPhase section */

/* Begin PBXSourcesBuildPhase section */
		932B3155228C68E500A0B0E8 /* Sources */ = {
			isa = PBXSourcesBuildPhase;
			buildActionMask = 2147483647;
			files = (
				93C2EC4822936DF800EA6971 /* Item.swift in Sources */,
				93917D38228F088900CCFD46 /* CategoryViewController.swift in Sources */,
				932B315F228C68E600A0B0E8 /* TodoListViewController.swift in Sources */,
				932B315D228C68E600A0B0E8 /* AppDelegate.swift in Sources */,
				93B44B6822958DB900C28F38 /* SwipeTableViewController.swift in Sources */,
				93C2EC4A22936E0A00EA6971 /* Category.swift in Sources */,
			);
			runOnlyForDeploymentPostprocessing = 0;
		};
/* End PBXSourcesBuildPhase section */

/* Begin PBXVariantGroup section */
		932B3160228C68E600A0B0E8 /* Main.storyboard */ = {
			isa = PBXVariantGroup;
			children = (
				932B3161228C68E600A0B0E8 /* Base */,
			);
			name = Main.storyboard;
			sourceTree = "<group>";
		};
		932B3165228C68E900A0B0E8 /* LaunchScreen.storyboard */ = {
			isa = PBXVariantGroup;
			children = (
				932B3166228C68E900A0B0E8 /* Base */,
			);
			name = LaunchScreen.storyboard;
			sourceTree = "<group>";
		};
/* End PBXVariantGroup section */

/* Begin XCBuildConfiguration section */
		932B3169228C68E900A0B0E8 /* Debug */ = {
			isa = XCBuildConfiguration;
			buildSettings = {
				ALWAYS_SEARCH_USER_PATHS = NO;
				CLANG_ANALYZER_NONNULL = YES;
				CLANG_ANALYZER_NUMBER_OBJECT_CONVERSION = YES_AGGRESSIVE;
				CLANG_CXX_LANGUAGE_STANDARD = "gnu++14";
				CLANG_CXX_LIBRARY = "libc++";
				CLANG_ENABLE_MODULES = YES;
				CLANG_ENABLE_OBJC_ARC = YES;
				CLANG_ENABLE_OBJC_WEAK = YES;
				CLANG_WARN_BLOCK_CAPTURE_AUTORELEASING = YES;
				CLANG_WARN_BOOL_CONVERSION = YES;
				CLANG_WARN_COMMA = YES;
				CLANG_WARN_CONSTANT_CONVERSION = YES;
				CLANG_WARN_DEPRECATED_OBJC_IMPLEMENTATIONS = YES;
				CLANG_WARN_DIRECT_OBJC_ISA_USAGE = YES_ERROR;
				CLANG_WARN_DOCUMENTATION_COMMENTS = YES;
				CLANG_WARN_EMPTY_BODY = YES;
				CLANG_WARN_ENUM_CONVERSION = YES;
				CLANG_WARN_INFINITE_RECURSION = YES;
				CLANG_WARN_INT_CONVERSION = YES;
				CLANG_WARN_NON_LITERAL_NULL_CONVERSION = YES;
				CLANG_WARN_OBJC_IMPLICIT_RETAIN_SELF = YES;
				CLANG_WARN_OBJC_LITERAL_CONVERSION = YES;
				CLANG_WARN_OBJC_ROOT_CLASS = YES_ERROR;
				CLANG_WARN_RANGE_LOOP_ANALYSIS = YES;
				CLANG_WARN_STRICT_PROTOTYPES = YES;
				CLANG_WARN_SUSPICIOUS_MOVE = YES;
				CLANG_WARN_UNGUARDED_AVAILABILITY = YES_AGGRESSIVE;
				CLANG_WARN_UNREACHABLE_CODE = YES;
				CLANG_WARN__DUPLICATE_METHOD_MATCH = YES;
				CODE_SIGN_IDENTITY = "iPhone Developer";
				COPY_PHASE_STRIP = NO;
				DEBUG_INFORMATION_FORMAT = dwarf;
				ENABLE_STRICT_OBJC_MSGSEND = YES;
				ENABLE_TESTABILITY = YES;
				GCC_C_LANGUAGE_STANDARD = gnu11;
				GCC_DYNAMIC_NO_PIC = NO;
				GCC_NO_COMMON_BLOCKS = YES;
				GCC_OPTIMIZATION_LEVEL = 0;
				GCC_PREPROCESSOR_DEFINITIONS = (
					"DEBUG=1",
					"$(inherited)",
				);
				GCC_WARN_64_TO_32_BIT_CONVERSION = YES;
				GCC_WARN_ABOUT_RETURN_TYPE = YES_ERROR;
				GCC_WARN_UNDECLARED_SELECTOR = YES;
				GCC_WARN_UNINITIALIZED_AUTOS = YES_AGGRESSIVE;
				GCC_WARN_UNUSED_FUNCTION = YES;
				GCC_WARN_UNUSED_VARIABLE = YES;
				IPHONEOS_DEPLOYMENT_TARGET = 12.2;
				MTL_ENABLE_DEBUG_INFO = INCLUDE_SOURCE;
				MTL_FAST_MATH = YES;
				ONLY_ACTIVE_ARCH = YES;
				SDKROOT = iphoneos;
				SWIFT_ACTIVE_COMPILATION_CONDITIONS = DEBUG;
				SWIFT_OPTIMIZATION_LEVEL = "-Onone";
			};
			name = Debug;
		};
		932B316A228C68E900A0B0E8 /* Release */ = {
			isa = XCBuildConfiguration;
			buildSettings = {
				ALWAYS_SEARCH_USER_PATHS = NO;
				CLANG_ANALYZER_NONNULL = YES;
				CLANG_ANALYZER_NUMBER_OBJECT_CONVERSION = YES_AGGRESSIVE;
				CLANG_CXX_LANGUAGE_STANDARD = "gnu++14";
				CLANG_CXX_LIBRARY = "libc++";
				CLANG_ENABLE_MODULES = YES;
				CLANG_ENABLE_OBJC_ARC = YES;
				CLANG_ENABLE_OBJC_WEAK = YES;
				CLANG_WARN_BLOCK_CAPTURE_AUTORELEASING = YES;
				CLANG_WARN_BOOL_CONVERSION = YES;
				CLANG_WARN_COMMA = YES;
				CLANG_WARN_CONSTANT_CONVERSION = YES;
				CLANG_WARN_DEPRECATED_OBJC_IMPLEMENTATIONS = YES;
				CLANG_WARN_DIRECT_OBJC_ISA_USAGE = YES_ERROR;
				CLANG_WARN_DOCUMENTATION_COMMENTS = YES;
				CLANG_WARN_EMPTY_BODY = YES;
				CLANG_WARN_ENUM_CONVERSION = YES;
				CLANG_WARN_INFINITE_RECURSION = YES;
				CLANG_WARN_INT_CONVERSION = YES;
				CLANG_WARN_NON_LITERAL_NULL_CONVERSION = YES;
				CLANG_WARN_OBJC_IMPLICIT_RETAIN_SELF = YES;
				CLANG_WARN_OBJC_LITERAL_CONVERSION = YES;
				CLANG_WARN_OBJC_ROOT_CLASS = YES_ERROR;
				CLANG_WARN_RANGE_LOOP_ANALYSIS = YES;
				CLANG_WARN_STRICT_PROTOTYPES = YES;
				CLANG_WARN_SUSPICIOUS_MOVE = YES;
				CLANG_WARN_UNGUARDED_AVAILABILITY = YES_AGGRESSIVE;
				CLANG_WARN_UNREACHABLE_CODE = YES;
				CLANG_WARN__DUPLICATE_METHOD_MATCH = YES;
				CODE_SIGN_IDENTITY = "iPhone Developer";
				COPY_PHASE_STRIP = NO;
				DEBUG_INFORMATION_FORMAT = "dwarf-with-dsym";
				ENABLE_NS_ASSERTIONS = NO;
				ENABLE_STRICT_OBJC_MSGSEND = YES;
				GCC_C_LANGUAGE_STANDARD = gnu11;
				GCC_NO_COMMON_BLOCKS = YES;
				GCC_WARN_64_TO_32_BIT_CONVERSION = YES;
				GCC_WARN_ABOUT_RETURN_TYPE = YES_ERROR;
				GCC_WARN_UNDECLARED_SELECTOR = YES;
				GCC_WARN_UNINITIALIZED_AUTOS = YES_AGGRESSIVE;
				GCC_WARN_UNUSED_FUNCTION = YES;
				GCC_WARN_UNUSED_VARIABLE = YES;
				IPHONEOS_DEPLOYMENT_TARGET = 12.2;
				MTL_ENABLE_DEBUG_INFO = NO;
				MTL_FAST_MATH = YES;
				SDKROOT = iphoneos;
				SWIFT_COMPILATION_MODE = wholemodule;
				SWIFT_OPTIMIZATION_LEVEL = "-O";
				VALIDATE_PRODUCT = YES;
			};
			name = Release;
		};
		932B316C228C68E900A0B0E8 /* Debug */ = {
			isa = XCBuildConfiguration;
			baseConfigurationReference = 202627F6157752B997426A80 /* Pods-Todoey.debug.xcconfig */;
			buildSettings = {
				ASSETCATALOG_COMPILER_APPICON_NAME = AppIcon;
				CODE_SIGN_STYLE = Automatic;
				DEVELOPMENT_TEAM = 2P29KLSZK6;
				INFOPLIST_FILE = Todoey/Info.plist;
				LD_RUNPATH_SEARCH_PATHS = (
					"$(inherited)",
					"@executable_path/Frameworks",
				);
				PRODUCT_BUNDLE_IDENTIFIER = com.MozartFalcao.Todoey;
				PRODUCT_NAME = "$(TARGET_NAME)";
				SWIFT_VERSION = 5.0;
				TARGETED_DEVICE_FAMILY = "1,2";
			};
			name = Debug;
		};
		932B316D228C68E900A0B0E8 /* Release */ = {
			isa = XCBuildConfiguration;
			baseConfigurationReference = 58F1427884B67FE360392DE5 /* Pods-Todoey.release.xcconfig */;
			buildSettings = {
				ASSETCATALOG_COMPILER_APPICON_NAME = AppIcon;
				CODE_SIGN_STYLE = Automatic;
				DEVELOPMENT_TEAM = 2P29KLSZK6;
				INFOPLIST_FILE = Todoey/Info.plist;
				LD_RUNPATH_SEARCH_PATHS = (
					"$(inherited)",
					"@executable_path/Frameworks",
				);
				PRODUCT_BUNDLE_IDENTIFIER = com.MozartFalcao.Todoey;
				PRODUCT_NAME = "$(TARGET_NAME)";
				SWIFT_VERSION = 5.0;
				TARGETED_DEVICE_FAMILY = "1,2";
			};
			name = Release;
		};
/* End XCBuildConfiguration section */

/* Begin XCConfigurationList section */
		932B3154228C68E500A0B0E8 /* Build configuration list for PBXProject "Todoey" */ = {
			isa = XCConfigurationList;
			buildConfigurations = (
				932B3169228C68E900A0B0E8 /* Debug */,
				932B316A228C68E900A0B0E8 /* Release */,
			);
			defaultConfigurationIsVisible = 0;
			defaultConfigurationName = Release;
		};
		932B316B228C68E900A0B0E8 /* Build configuration list for PBXNativeTarget "Todoey" */ = {
			isa = XCConfigurationList;
			buildConfigurations = (
				932B316C228C68E900A0B0E8 /* Debug */,
				932B316D228C68E900A0B0E8 /* Release */,
			);
			defaultConfigurationIsVisible = 0;
			defaultConfigurationName = Release;
		};
/* End XCConfigurationList section */
	};
	rootObject = 932B3151228C68E500A0B0E8 /* Project object */;
}
